{
    "_meta": {
        "hash": {
            "sha256": "779596e65a4f901f474c16212335c075be8fc96e4d3824892fbf4d4029a2c3e2"
        },
        "pipfile-spec": 6,
        "requires": {
            "python_version": "3.6"
        },
        "sources": [
            {
                "name": "pypi",
                "url": "https://pypi.python.org/simple",
                "verify_ssl": true
            }
        ]
    },
    "default": {
        "aiodns": {
            "hashes": [
                "sha256:99d0652f2c02f73bfa646bf44af82705260a523014576647d7959e664830b26b",
                "sha256:d8677adc679ce8d0ef706c14d9c3d2f27a0e0cc11d59730cdbaf218ad52dd9ea"
            ],
            "index": "pypi",
            "version": "==1.1.1"
        },
        "aiohttp": {
            "hashes": [
                "sha256:1c052bce3eade41f6edf9ff3381051b809a88e65b66dcf2e05d34e9751652ee1",
                "sha256:228ff9359f9dab15f93d9df6623fab495222d96724dca7c5e4852d42b1bac439",
                "sha256:389a05544589c0643f0c1ba485c8d5157eb182de4ad35d041f858832a0acb26d",
                "sha256:3da537d4cf64c23b69dafdae0fcfca173eedadac19271ea417e189a629c63258",
                "sha256:42f0237a8314033e7dbb3ac83707bc5e5db28fc300a815d7088f8c52e599f0de",
                "sha256:56c57f1e6e78b30509b8bc451bd24c4a96014fd874f853f9dbe5896287787bec",
                "sha256:67c5bf258adba7f57a30949e0a17c4708f98d91263a0c82da27ad37a8f60e3a9",
                "sha256:8d65a8033cafc0d0268de5a858465c819475f3467d456aab3fbe3912e298e717",
                "sha256:9559f4a69132b7aeb116c3ac8029f8bbae48e27292c4ef9c50e94cb872e6d0ce",
                "sha256:a6943101e13106f91d6175dd96bd9097ebbc076799f553e2f8ffc1b811dd190f",
                "sha256:a95add5d4305bf30ed624b171cc91bba61b57b22976b8b30930d511a34d05557",
                "sha256:c7ce03728c2fe5a47c72b45164f449b027903143ea720ebf379bc7c76b536d2e",
                "sha256:ce6c816ff4ba694f15be0986c12c6200b63f56c3da4c75545cba7c86365e8413",
                "sha256:d4e6ec8b45ef7aa0bfe0f7f9703b36e62f72f752c286818cf543d44201df559b",
                "sha256:dc5cab081d4b334d0440b019edf24fe1cb138b8114e0e22d2b0661284bc1775f"
            ],
            "index": "pypi",
            "version": "==3.1.1"
        },
        "async-timeout": {
            "hashes": [
                "sha256:00cff4d2dce744607335cba84e9929c3165632da2d27970dbc55802a0c7873d0",
                "sha256:9093db5b8ddbe4b8f6885d1a6e0ad84ae3155464cbf6877c387605244c285f3c"
            ],
            "version": "==2.0.1"
        },
        "attrs": {
            "hashes": [
                "sha256:149e90d6d8ac20db7a955ad60cf0e6881a3f20d37096140088356da6c716b0b1",
                "sha256:ef6aaac3ca6cd92904cdd0d83f629a15f18053ec84e6432106f7a4d04ae4f5fb"
            ],
            "markers": "python_version >= '2.7' and python_version not in '3.0, 3.1, 3.2, 3.3, 3.4'",
            "version": "==21.2.0"
        },
        "cchardet": {
            "hashes": [
                "sha256:07dace80abce108d42a82be5a598797c0c07575741d81e698819bd42d367cdde",
                "sha256:36d58862c158de32ace6497e7bafc7f85049b35a3abbd65118baffbe2a1ec1e5",
                "sha256:3f70d1c41f0694d1411b47868fdb7c3147fd1bf09c22e6565a765eedfb888989",
                "sha256:69311e20183056b45313475cc05c3e968faa2b14a466a6b0c23780645a462afe",
                "sha256:6dfc76b71f66e002a99efa68efe4366143e8845b54cf5623eb05b5fa8fb030d6",
                "sha256:6e001eb2ff93c4c31a9952cf01c71f5f95c758314032094df5cf086168678b23",
                "sha256:7187a01130b838cea449904f3aa5c0bee0609fcc0f5f667f4ce08ea99d102ddc",
                "sha256:823a981ba75fe8c12a0a0259eb80ec3a657273559f6d7445ba6fe2d2b061c8f9",
                "sha256:9c9269208b9f8d7446dbd970f6544ce48104096efab0f769ee5918066ba1ee7e",
                "sha256:a62b29c8c5a41f5ae95f620746d6db03b86fb259340fd991c9a608aabc60a275",
                "sha256:b94a65d3a8cc900058e6aaedc0dde9c99ffe436d8670d156784d7b561b874cf5",
                "sha256:d12b3f1913068975f9b9431f3cdc44488786523cc6d5467ffcb5bd43d3210157",
                "sha256:d6c8eb90a9aa77f94e040a75d563f65849ab3b0c8f675b27928a91583648f8f8",
                "sha256:e1c3addf0c7408f76b98bd5f55f3abe844716d47dd6ab0d32eea8caa11a8fa41",
                "sha256:e32c4a420c6f7c6ea8d8a1fe36c60c70316a4ca1779dba2e00044b61d8ee2017",
                "sha256:e47d90a8484cc425ca4c13a204901e24e2d0b3e206deef7cf391c10639d33d6b",
                "sha256:eb8ee148e9fc13101e0e19ac98552d24b82731fcfddc915eed216c13ebbebec0",
                "sha256:f4e3d0d9a0113cdfbc2fafa995674c1c49ed4166543b454945ca44d6e2148935",
                "sha256:feda07443d732d86c9821671a898107b96ceb00462f405ec1dc08a353a9ddab0"
            ],
            "index": "pypi",
            "version": "==2.1.1"
        },
        "cffi": {
            "hashes": [
                "sha256:00c878c90cb53ccfaae6b8bc18ad05d2036553e6d9d1d9dbcf323bbe83854ca3",
                "sha256:0104fb5ae2391d46a4cb082abdd5c69ea4eab79d8d44eaaf79f1b1fd806ee4c2",
                "sha256:06c48159c1abed75c2e721b1715c379fa3200c7784271b3c46df01383b593636",
                "sha256:0808014eb713677ec1292301ea4c81ad277b6cdf2fdd90fd540af98c0b101d20",
                "sha256:10dffb601ccfb65262a27233ac273d552ddc4d8ae1bf93b21c94b8511bffe728",
                "sha256:14cd121ea63ecdae71efa69c15c5543a4b5fbcd0bbe2aad864baca0063cecf27",
                "sha256:17771976e82e9f94976180f76468546834d22a7cc404b17c22df2a2c81db0c66",
                "sha256:181dee03b1170ff1969489acf1c26533710231c58f95534e3edac87fff06c443",
                "sha256:23cfe892bd5dd8941608f93348c0737e369e51c100d03718f108bf1add7bd6d0",
                "sha256:263cc3d821c4ab2213cbe8cd8b355a7f72a8324577dc865ef98487c1aeee2bc7",
                "sha256:2756c88cbb94231c7a147402476be2c4df2f6078099a6f4a480d239a8817ae39",
                "sha256:27c219baf94952ae9d50ec19651a687b826792055353d07648a5695413e0c605",
                "sha256:2a23af14f408d53d5e6cd4e3d9a24ff9e05906ad574822a10563efcef137979a",
                "sha256:31fb708d9d7c3f49a60f04cf5b119aeefe5644daba1cd2a0fe389b674fd1de37",
                "sha256:3415c89f9204ee60cd09b235810be700e993e343a408693e80ce7f6a40108029",
                "sha256:3773c4d81e6e818df2efbc7dd77325ca0dcb688116050fb2b3011218eda36139",
                "sha256:3b96a311ac60a3f6be21d2572e46ce67f09abcf4d09344c49274eb9e0bf345fc",
                "sha256:3f7d084648d77af029acb79a0ff49a0ad7e9d09057a9bf46596dac9514dc07df",
                "sha256:41d45de54cd277a7878919867c0f08b0cf817605e4eb94093e7516505d3c8d14",
                "sha256:4238e6dab5d6a8ba812de994bbb0a79bddbdf80994e4ce802b6f6f3142fcc880",
                "sha256:45db3a33139e9c8f7c09234b5784a5e33d31fd6907800b316decad50af323ff2",
                "sha256:45e8636704eacc432a206ac7345a5d3d2c62d95a507ec70d62f23cd91770482a",
                "sha256:4958391dbd6249d7ad855b9ca88fae690783a6be9e86df65865058ed81fc860e",
                "sha256:4a306fa632e8f0928956a41fa8e1d6243c71e7eb59ffbd165fc0b41e316b2474",
                "sha256:57e9ac9ccc3101fac9d6014fba037473e4358ef4e89f8e181f8951a2c0162024",
                "sha256:59888172256cac5629e60e72e86598027aca6bf01fa2465bdb676d37636573e8",
                "sha256:5e069f72d497312b24fcc02073d70cb989045d1c91cbd53979366077959933e0",
                "sha256:64d4ec9f448dfe041705426000cc13e34e6e5bb13736e9fd62e34a0b0c41566e",
                "sha256:6dc2737a3674b3e344847c8686cf29e500584ccad76204efea14f451d4cc669a",
                "sha256:74fdfdbfdc48d3f47148976f49fab3251e550a8720bebc99bf1483f5bfb5db3e",
                "sha256:75e4024375654472cc27e91cbe9eaa08567f7fbdf822638be2814ce059f58032",
                "sha256:786902fb9ba7433aae840e0ed609f45c7bcd4e225ebb9c753aa39725bb3e6ad6",
                "sha256:8b6c2ea03845c9f501ed1313e78de148cd3f6cad741a75d43a29b43da27f2e1e",
                "sha256:91d77d2a782be4274da750752bb1650a97bfd8f291022b379bb8e01c66b4e96b",
                "sha256:91ec59c33514b7c7559a6acda53bbfe1b283949c34fe7440bcf917f96ac0723e",
                "sha256:920f0d66a896c2d99f0adbb391f990a84091179542c205fa53ce5787aff87954",
                "sha256:a5263e363c27b653a90078143adb3d076c1a748ec9ecc78ea2fb916f9b861962",
                "sha256:abb9a20a72ac4e0fdb50dae135ba5e77880518e742077ced47eb1499e29a443c",
                "sha256:c2051981a968d7de9dd2d7b87bcb9c939c74a34626a6e2f8181455dd49ed69e4",
                "sha256:c21c9e3896c23007803a875460fb786118f0cdd4434359577ea25eb556e34c55",
                "sha256:c2502a1a03b6312837279c8c1bd3ebedf6c12c4228ddbad40912d671ccc8a962",
                "sha256:d4d692a89c5cf08a8557fdeb329b82e7bf609aadfaed6c0d79f5a449a3c7c023",
                "sha256:da5db4e883f1ce37f55c667e5c0de439df76ac4cb55964655906306918e7363c",
                "sha256:e7022a66d9b55e93e1a845d8c9eba2a1bebd4966cd8bfc25d9cd07d515b33fa6",
                "sha256:ef1f279350da2c586a69d32fc8733092fd32cc8ac95139a00377841f59a3f8d8",
                "sha256:f54a64f8b0c8ff0b64d18aa76675262e1700f3995182267998c31ae974fbc382",
                "sha256:f5c7150ad32ba43a07c4479f40241756145a1f03b43480e058cfd862bf5041c7",
                "sha256:f6f824dc3bce0edab5f427efcfb1d63ee75b6fcb7282900ccaf925be84efb0fc",
                "sha256:fd8a250edc26254fe5b33be00402e6d287f562b6a5b2152dec302fa15bb3e997",
                "sha256:ffaa5c925128e29efbde7301d8ecaf35c8c60ffbcd6a1ffd3a552177c8e5e796"
            ],
            "version": "==1.15.0"
        },
        "chardet": {
            "hashes": [
                "sha256:84ab92ed1c4d4f16916e05906b6b75a6c0fb5db821cc65e70cbd64a3e2a5eaae",
                "sha256:fc323ffcaeaed0e0a02bf4d117757b98aed530d9ed4531e3e15460124c106691"
            ],
            "version": "==3.0.4"
        },
        "cssselect": {
            "hashes": [
                "sha256:f612ee47b749c877ebae5bb77035d8f4202c6ad0f0fc1271b3c18ad6c4468ecf",
                "sha256:f95f8dedd925fd8f54edb3d2dfb44c190d9d18512377d3c1e2388d16126879bc"
            ],
            "markers": "python_version >= '2.7' and python_version not in '3.0, 3.1, 3.2, 3.3'",
            "version": "==1.1.0"
        },
        "decorator": {
            "hashes": [
                "sha256:41fa54c2a0cc4ba648be4fd43cff00aedf5b9465c9bf18d64325bc225f08f760",
                "sha256:e3a62f0520172440ca0dcc823749319382e377f37f140a0b99ef45fecb84bfe7"
            ],
            "version": "==4.4.2"
        },
        "fuzzywuzzy": {
            "hashes": [
                "sha256:d40c22d2744dff84885b30bbfc07fab7875f641d070374331777a4d1808b8d4e",
                "sha256:ecf490216fb4d76b558a03042ff8f45a8782f17326caca1384d834cbaa2c7e6f"
            ],
            "index": "pypi",
            "version": "==0.16.0"
        },
        "gensim": {
            "hashes": [
                "sha256:05844c82c7c176449218fd3fc31e55e5d8b3fae460f261b11231f4c8ef2ed5e0",
                "sha256:0f75a6e57ec93b9bc63b79d1cc8022993efa03b03ad50adad7a4fef78081e845",
                "sha256:1f734990fcd472a048ed38696d9f5eeda4266ced0f4f2d7bbba0c18c601e441a",
                "sha256:2418a7036a15a7e11e08f5018d9278e0a4db420b53a99fe1c4e64f683df97b4b",
                "sha256:2611b550813cd2d6abf36840a2831df791c155c4140ae1e41d7a1ef48d7fb691",
                "sha256:269504cd3b0cb2b18d421fdb641433e06b974f3d03561dd582ca696c0b63a6f6",
                "sha256:36dfb678674abdb3390cec8760307a9d038e3196d9dc4f85ad4431723c10654e",
                "sha256:47e436a06dbe6b56dd253df2e36654a24e39c6d65f78aff93efab478fac0b906",
                "sha256:5f54fbb5bf14830a0fd2d5d3e554e8627667c3254d28ebd90256bd909b2f9de3",
                "sha256:645e77e37c5cd84b4e32b35de7a3c5b82e551f8f36e19087bfc4db6a97ce4838",
                "sha256:6f08251fd7daa07ef7e8e2f15fba403b089236ac2e61fcf51f5e6cec1815829c",
                "sha256:7bafe3f2fd49738942ef04396cb1e50a38283fe02203e5d4c66588daa01fb87c",
                "sha256:87c5975a605b881eda15ebc0cd7f60011b257d2af1cb04053dc096e2d2fa42da",
                "sha256:8c3c9ed2c61c0b4fbd1ee1af45c3d9f9828213d4e8010bd40435b80ea25e7c95",
                "sha256:a1b0cd76770cb4b1378b42b5c5f2013f82bcdaddbce404fb5454881644ff6072",
                "sha256:a7747ab74d50d9f573e42fe645ab76d61037bb14f256a141503903fb5d762ff4",
                "sha256:ac562d4a02a8fe2f3c6021acd21ae027fb8d347c7dfc4872149f77ada60616c2",
                "sha256:cd8e1c062dea18032ec19be21e934f4b151e112ef90e269fbe3fea406c319724",
                "sha256:cdc71e6d0d1f983366d2f81bdb363cc3d3018b9cedb0d7cae1fdf76b353aa1fd",
                "sha256:d5dbfc6a10fcec9ef249569110b60ab1f374dad7e88e9a167ad87822371f3d59",
                "sha256:e98b493addf7ff10f33322d57dbe642a9bbdac005c9f1f1adb9c613a1b189a0f",
                "sha256:f27e7043656d3b7fdc8a6bf006e8a03883d92ce62ccfbf97aa55ad40fa017cba",
                "sha256:f6ef9459dc67cfe25976ac0d1c80b24613594c9db985310b6c2cb995955e2173",
                "sha256:f95ccb312977d2333c6dccd83644c4f89b471879ca7577e6e343f011d0d9ee16"
            ],
            "index": "pypi",
            "version": "==3.4.0"
        },
        "idna": {
            "hashes": [
                "sha256:84d9dd047ffa80596e0f246e2eab0b391788b0503584e8945f2368256d2735ff",
                "sha256:9d643ff0a55b762d5cdb124b8eaa99c66322e2157b69160bc32796e824360e6d"
            ],
            "markers": "python_version >= '3.5'",
            "version": "==3.3"
        },
        "idna-ssl": {
            "hashes": [
                "sha256:a933e3bb13da54383f9e8f35dc4f9cb9eb9b3b78c6b36f311254d6d0d92c6c7c"
            ],
            "version": "==1.1.0"
        },
        "lxml": {
            "hashes": [
                "sha256:11ae552a78612620afd15625be9f1b82e3cc2e634f90d6b11709b10a100cba59",
                "sha256:121fc6f71c692b49af6c963b84ab7084402624ffbe605287da362f8af0668ea3",
                "sha256:124f09614f999551ac65e5b9875981ce4b66ac4b8e2ba9284572f741935df3d9",
                "sha256:12ae2339d32a2b15010972e1e2467345b7bf962e155671239fba74c229564b7f",
                "sha256:12d8d6fe3ddef629ac1349fa89a638b296a34b6529573f5055d1cb4e5245f73b",
                "sha256:1a2a7659b8eb93c6daee350a0d844994d49245a0f6c05c747f619386fb90ba04",
                "sha256:1ccbfe5d17835db906f2bab6f15b34194db1a5b07929cba3cf45a96dbfbfefc0",
                "sha256:2f77556266a8fe5428b8759fbfc4bd70be1d1d9c9b25d2a414f6a0c0b0f09120",
                "sha256:3534d7c468c044f6aef3c0aff541db2826986a29ea73f2ca831f5d5284d9b570",
                "sha256:3884476a90d415be79adfa4e0e393048630d0d5bcd5757c4c07d8b4b00a1096b",
                "sha256:3b95fb7e6f9c2f53db88f4642231fc2b8907d854e614710996a96f1f32018d5c",
                "sha256:46515773570a33eae13e451c8fcf440222ef24bd3b26f40774dd0bd8b6db15b2",
                "sha256:46f21f2600d001af10e847df9eb3b832e8a439f696c04891bcb8a8cedd859af9",
                "sha256:473701599665d874919d05bb33b56180447b3a9da8d52d6d9799f381ce23f95c",
                "sha256:4b9390bf973e3907d967b75be199cf1978ca8443183cf1e78ad80ad8be9cf242",
                "sha256:4f415624cf8b065796649a5e4621773dc5c9ea574a944c76a7f8a6d3d2906b41",
                "sha256:534032a5ceb34bba1da193b7d386ac575127cc39338379f39a164b10d97ade89",
                "sha256:558485218ee06458643b929765ac1eb04519ca3d1e2dcc288517de864c747c33",
                "sha256:57cf05466917e08f90e323f025b96f493f92c0344694f5702579ab4b7e2eb10d",
                "sha256:59d77bfa3bea13caee95bc0d3f1c518b15049b97dd61ea8b3d71ce677a67f808",
                "sha256:5d5254c815c186744c8f922e2ce861a2bdeabc06520b4b30b2f7d9767791ce6e",
                "sha256:5ea121cb66d7e5cb396b4c3ca90471252b94e01809805cfe3e4e44be2db3a99c",
                "sha256:60aeb14ff9022d2687ef98ce55f6342944c40d00916452bb90899a191802137a",
                "sha256:642eb4cabd997c9b949a994f9643cd8ae00cf4ca8c5cd9c273962296fadf1c44",
                "sha256:6548fc551de15f310dd0564751d9dc3d405278d45ea9b2b369ed1eccf142e1f5",
                "sha256:68a851176c931e2b3de6214347b767451243eeed3bea34c172127bbb5bf6c210",
                "sha256:6e84edecc3a82f90d44ddee2ee2a2630d4994b8471816e226d2b771cda7ac4ca",
                "sha256:73e8614258404b2689a26cb5d002512b8bc4dfa18aca86382f68f959aee9b0c8",
                "sha256:7679bb6e4d9a3978a46ab19a3560e8d2b7265ef3c88152e7fdc130d649789887",
                "sha256:76b6c296e4f7a1a8a128aec42d128646897f9ae9a700ef6839cdc9b3900db9b5",
                "sha256:7f00cc64b49d2ef19ddae898a3def9dd8fda9c3d27c8a174c2889ee757918e71",
                "sha256:8021eeff7fabde21b9858ed058a8250ad230cede91764d598c2466b0ba70db8b",
                "sha256:87f8f7df70b90fbe7b49969f07b347e3f978f8bd1046bb8ecae659921869202b",
                "sha256:916d457ad84e05b7db52700bad0a15c56e0c3000dcaf1263b2fb7a56fe148996",
                "sha256:925174cafb0f1179a7fd38da90302555d7445e34c9ece68019e53c946be7f542",
                "sha256:9801bcd52ac9c795a7d81ea67471a42cffe532e46cfb750cd5713befc5c019c0",
                "sha256:99cf827f5a783038eb313beee6533dddb8bdb086d7269c5c144c1c952d142ace",
                "sha256:a21b78af7e2e13bec6bea12fc33bc05730197674f3e5402ce214d07026ccfebd",
                "sha256:a52e8f317336a44836475e9c802f51c2dc38d612eaa76532cb1d17690338b63b",
                "sha256:a702005e447d712375433ed0499cb6e1503fadd6c96a47f51d707b4d37b76d3c",
                "sha256:a708c291900c40a7ecf23f1d2384ed0bc0604e24094dd13417c7e7f8f7a50d93",
                "sha256:a7790a273225b0c46e5f859c1327f0f659896cc72eaa537d23aa3ad9ff2a1cc1",
                "sha256:abcf7daa5ebcc89328326254f6dd6d566adb483d4d00178892afd386ab389de2",
                "sha256:add017c5bd6b9ec3a5f09248396b6ee2ce61c5621f087eb2269c813cd8813808",
                "sha256:af4139172ff0263d269abdcc641e944c9de4b5d660894a3ec7e9f9db63b56ac9",
                "sha256:b4015baed99d046c760f09a4c59d234d8f398a454380c3cf0b859aba97136090",
                "sha256:ba0006799f21d83c3717fe20e2707a10bbc296475155aadf4f5850f6659b96b9",
                "sha256:bdb98f4c9e8a1735efddfaa995b0c96559792da15d56b76428bdfc29f77c4cdb",
                "sha256:c34234a1bc9e466c104372af74d11a9f98338a3f72fae22b80485171a64e0144",
                "sha256:c580c2a61d8297a6e47f4d01f066517dbb019be98032880d19ece7f337a9401d",
                "sha256:ca9a40497f7e97a2a961c04fa8a6f23d790b0521350a8b455759d786b0bcb203",
                "sha256:cab343b265e38d4e00649cbbad9278b734c5715f9bcbb72c85a1f99b1a58e19a",
                "sha256:ce52aad32ec6e46d1a91ff8b8014a91538800dd533914bfc4a82f5018d971408",
                "sha256:da07c7e7fc9a3f40446b78c54dbba8bfd5c9100dfecb21b65bfe3f57844f5e71",
                "sha256:dc8a0dbb2a10ae8bb609584f5c504789f0f3d0d81840da4849102ec84289f952",
                "sha256:e5b4b0d9440046ead3bd425eb2b852499241ee0cef1ae151038e4f87ede888c4",
                "sha256:f33d8efb42e4fc2b31b3b4527940b25cdebb3026fb56a80c1c1c11a4271d2352",
                "sha256:f6befb83bca720b71d6bd6326a3b26e9496ae6649e26585de024890fe50f49b8",
                "sha256:fcc849b28f584ed1dbf277291ded5c32bb3476a37032df4a1d523b55faa5f944",
                "sha256:ff44de36772b05c2eb74f2b4b6d1ae29b8f41ed5506310ce1258d44826ee38c1"
            ],
            "index": "pypi",
            "version": "==4.6.5"
        },
        "multidict": {
            "hashes": [
                "sha256:1ece5a3369835c20ed57adadc663400b5525904e53bae59ec854a5d36b39b21a",
                "sha256:275ca32383bc5d1894b6975bb4ca6a7ff16ab76fa622967625baeebcf8079000",
                "sha256:3750f2205b800aac4bb03b5ae48025a64e474d2c6cc79547988ba1d4122a09e2",
                "sha256:4538273208e7294b2659b1602490f4ed3ab1c8cf9dbdd817e0e9db8e64be2507",
                "sha256:5141c13374e6b25fe6bf092052ab55c0c03d21bd66c94a0e3ae371d3e4d865a5",
                "sha256:51a4d210404ac61d32dada00a50ea7ba412e6ea945bbe992e4d7a595276d2ec7",
                "sha256:5cf311a0f5ef80fe73e4f4c0f0998ec08f954a6ec72b746f3c179e37de1d210d",
                "sha256:6513728873f4326999429a8b00fc7ceddb2509b01d5fd3f3be7881a257b8d463",
                "sha256:7388d2ef3c55a8ba80da62ecfafa06a1c097c18032a501ffd4cabbc52d7f2b19",
                "sha256:9456e90649005ad40558f4cf51dbb842e32807df75146c6d940b6f5abb4a78f3",
                "sha256:c026fe9a05130e44157b98fea3ab12969e5b60691a276150db9eda71710cd10b",
                "sha256:d14842362ed4cf63751648e7672f7174c9818459d169231d03c56e84daf90b7c",
                "sha256:e0d072ae0f2a179c375f67e3da300b47e1a83293c554450b29c900e50afaae87",
                "sha256:f07acae137b71af3bb548bd8da720956a3bc9f9a0b87733e0899226a2317aeb7",
                "sha256:fbb77a75e529021e7c4a8d4e823d88ef4d23674a202be4f5addffc72cbb91430",
                "sha256:fcfbb44c59af3f8ea984de67ec7c306f618a3ec771c2843804069917a8f2e255",
                "sha256:feed85993dbdb1dbc29102f50bca65bdc68f2c0c8d352468c25b54874f23c39d"
            ],
            "markers": "python_version >= '3.5'",
            "version": "==4.7.6"
        },
        "networkx": {
            "hashes": [
                "sha256:0635858ed7e989f4c574c2328380b452df892ae85084144c73d8cd819f0c4e06",
                "sha256:109cd585cac41297f71103c3c42ac6ef7379f29788eb54cb751be5a663bb235a"
            ],
            "markers": "python_version >= '3.6'",
            "version": "==2.5.1"
        },
        "nltk": {
            "hashes": [
                "sha256:2661f9971d983db314bbebd51ba770811a362c6597fd0f303bb1d3beadcb4834",
                "sha256:8a3bad9ff7f67d2828a7915c2fab93e6ca910c2015ef40799e1805fccf2354e5"
            ],
            "index": "pypi",
            "version": "==3.2.5"
        },
        "numpy": {
            "hashes": [
                "sha256:0739146eaf4985962f07c62f7133aca89f3a600faac891ce6c7f3a1e2afe5272",
                "sha256:07e21f14490324cc1160db101e9b6c1233c33985af4cb1d301dd02650fea1d7f",
                "sha256:0f6a5ed0cd7ab1da11f5c07a8ecada73fc55a70ef7bb6311a4109891341d7277",
                "sha256:0fd65cbbfdbf76bbf80c445d923b3accefea0fe2c2082049e0ce947c81fe1d3f",
                "sha256:20cac3123d791e4bf8482a580d98d6b5969ba348b9d5364df791ba3a666b660d",
                "sha256:528ce59ded2008f9e8543e0146acb3a98a9890da00adf8904b1e18c82099418b",
                "sha256:56e392b7c738bd70e6f46cf48c8194d3d1dd4c5a59fae4b30c58bb6ef86e5233",
                "sha256:675e0f23967ce71067d12b6944add505d5f0a251f819cfb44bdf8ee7072c090d",
                "sha256:6be6b0ca705321c178c9858e5ad5611af664bbdfae1df1541f938a840a103888",
                "sha256:719d914f564f35cce4dc103808f8297c807c9f0297ac183ed81ae8b5650e698e",
                "sha256:768e777cc1ffdbf97c507f65975c8686ebafe0f3dc8925d02ac117acc4669ce9",
                "sha256:7f76d406c6b998d6410198dcb82688dcdaec7d846aa87e263ccf52efdcfeba30",
                "sha256:8c18ee4dddd5c6a811930c0a7c7947bf16387da3b394725f6063f1366311187d",
                "sha256:99051e03b445117b26028623f1a487112ddf61a09a27e2d25e6bc07d37d94f25",
                "sha256:a1413d06abfa942ca0553bf3bccaff5fdb36d55b84f2248e36228db871147dab",
                "sha256:a7157c9ac6bddd2908c35ef099e4b643bc0e0ebb4d653deb54891d29258dd329",
                "sha256:a958bf9d4834c72dee4f91a0476e7837b8a2966dc6fcfc42c421405f98d0da51",
                "sha256:bb370120de6d26004358611441e07acda26840e41dfedc259d7f8cc613f96495",
                "sha256:d0928076d9bd8a98de44e79b1abe50c1456e7abbb40af7ef58092086f1a6c729",
                "sha256:d858423f5ed444d494b15c4cc90a206e1b8c31354c781ac7584da0d21c09c1c3",
                "sha256:e6120d63b50e2248219f53302af7ec6fa2a42ed1f37e9cda2c76dbaca65036a7",
                "sha256:f2b1378b63bdb581d5d7af2ec0373c8d40d651941d283a2afd7fc71184b3f570",
                "sha256:facc6f925c3099ac01a1f03758100772560a0b020fb9d70f210404be08006bcb"
            ],
            "index": "pypi",
            "version": "==1.14.2"
        },
        "pandas": {
            "hashes": [
                "sha256:02f1e8f71cd994ed7fcb9a35b6ddddeb4314822a0e09a9c5b2d278f8cb5d4096",
                "sha256:13f75fb18486759da3ff40f5345d9dd20e7d78f2a39c5884d013456cec9876f0",
                "sha256:35b670b0abcfed7cad76f2834041dcf7ae47fd9b22b63622d67cdc933d79f453",
                "sha256:4c73f373b0800eb3062ffd13d4a7a2a6d522792fa6eb204d67a4fad0a40f03dc",
                "sha256:5759edf0b686b6f25a5d4a447ea588983a33afc8a0081a0954184a4a87fd0dd7",
                "sha256:5a7cf6044467c1356b2b49ef69e50bf4d231e773c3ca0558807cdba56b76820b",
                "sha256:69c5d920a0b2a9838e677f78f4dde506b95ea8e4d30da25859db6469ded84fa8",
                "sha256:8778a5cc5a8437a561e3276b85367412e10ae9fff07db1eed986e427d9a674f8",
                "sha256:9871ef5ee17f388f1cb35f76dc6106d40cb8165c562d573470672f4cdefa59ef",
                "sha256:9c31d52f1a7dd2bb4681d9f62646c7aa554f19e8e9addc17e8b1b20011d7522d",
                "sha256:ab8173a8efe5418bbe50e43f321994ac6673afc5c7c4839014cf6401bbdd0705",
                "sha256:ae961f1f0e270f1e4e2273f6a539b2ea33248e0e3a11ffb479d757918a5e03a9",
                "sha256:b3c4f93fcb6e97d993bf87cdd917883b7dab7d20c627699f360a8fb49e9e0b91",
                "sha256:c9410ce8a3dee77653bc0684cfa1535a7f9c291663bd7ad79e39f5ab58f67ab3",
                "sha256:f69e0f7b7c09f1f612b1f8f59e2df72faa8a6b41c5a436dde5b615aaf948f107",
                "sha256:faa42a78d1350b02a7d2f0dbe3c80791cf785663d6997891549d0f86dc49125e"
            ],
            "markers": "python_full_version >= '3.6.1'",
            "version": "==1.0.5"
        },
        "pycares": {
            "hashes": [
                "sha256:03490be0e7b51a0c8073f877bec347eff31003f64f57d9518d419d9369452837",
                "sha256:056330275dea42b7199494047a745e1d9785d39fb8c4cd469dca043532240b80",
                "sha256:0aa897543a786daba74ec5e19638bd38b2b432d179a0e248eac1e62de5756207",
                "sha256:112e1385c451069112d6b5ea1f9c378544f3c6b89882ff964e9a64be3336d7e4",
                "sha256:27a6f09dbfb69bb79609724c0f90dfaa7c215876a7cd9f12d585574d1f922112",
                "sha256:2b837315ed08c7df009b67725fe1f50489e99de9089f58ec1b243dc612f172aa",
                "sha256:2f5f84fe9f83eab9cd68544b165b74ba6e3412d029cc9ab20098d9c332869fc5",
                "sha256:40079ed58efa91747c50aac4edf8ecc7e570132ab57dc0a4030eb0d016a6cab8",
                "sha256:439799be4b7576e907139a7f9b3c8a01b90d3e38af4af9cd1fc6c1ee9a42b9e6",
                "sha256:4d5da840aa0d9b15fa51107f09270c563a348cb77b14ae9653d0bbdbe326fcc2",
                "sha256:4e190471a015f8225fa38069617192e06122771cce2b169ac7a60bfdbd3d4ab2",
                "sha256:5632f21d92cc0225ba5ff906e4e5dec415ef0b3df322c461d138190681cd5d89",
                "sha256:569eef8597b5e02b1bc4644b9f272160304d8c9985357d7ecfcd054da97c0771",
                "sha256:58a41a2baabcd95266db776c510d349d417919407f03510fc87ac7488730d913",
                "sha256:6831e963a910b0a8cbdd2750ffcdf5f2bb0edb3f53ca69ff18484de2cc3807c4",
                "sha256:71b99b9e041ae3356b859822c511f286f84c8889ec9ed1fbf6ac30fb4da13e4c",
                "sha256:8319afe4838e09df267c421ca93da408f770b945ec6217dda72f1f6a493e37e4",
                "sha256:8fd1ff17a26bb004f0f6bb902ba7dddd810059096ae0cc3b45e4f5be46315d19",
                "sha256:a810d01c9a426ee8b0f36969c2aef5fb966712be9d7e466920beb328cd9cefa3",
                "sha256:ad7b28e1b6bc68edd3d678373fa3af84e39d287090434f25055d21b4716b2fc6",
                "sha256:b0e50ddc78252f2e2b6b5f2c73e5b2449dfb6bea7a5a0e21dfd1e2bcc9e17382",
                "sha256:b266cec81dcea2c3efbbd3dda00af8d7eb0693ae9e47e8706518334b21f27d4a",
                "sha256:c000942f5fc64e6e046aa61aa53b629b576ba11607d108909727c3c8f211a157",
                "sha256:c6680f7fdc0f1163e8f6c2a11d11b9a0b524a61000d2a71f9ccd410f154fb171",
                "sha256:c7eba3c8354b730a54d23237d0b6445a2f68570fa68d0848887da23a3f3b71f3",
                "sha256:cbceaa9b2c416aa931627466d3240aecfc905c292c842252e3d77b8630072505",
                "sha256:dc942692fca0e27081b7bb414bb971d34609c80df5e953f6d0c62ecc8019acd9",
                "sha256:e1489aa25d14dbf7176110ead937c01176ed5a0ebefd3b092bbd6b202241814c",
                "sha256:e5a060f5fa90ae245aa99a4a8ad13ec39c2340400de037c7e8d27b081e1a3c64",
                "sha256:ec00f3594ee775665167b1a1630edceefb1b1283af9ac57480dba2fb6fd6c360",
                "sha256:ed71dc4290d9c3353945965604ef1f6a4de631733e9819a7ebc747220b27e641"
            ],
            "version": "==4.1.2"
        },
        "pycparser": {
            "hashes": [
                "sha256:8ee45429555515e1f6b185e78100aea234072576aa43ab53aefcae078162fca9",
                "sha256:e644fdec12f7872f86c58ff790da456218b10f863970249516d60a5eaca77206"
            ],
            "version": "==2.21"
        },
        "pyquery": {
            "hashes": [
                "sha256:07987c2ed2aed5cba29ff18af95e56e9eb04a2249f42ce47bddfb37f487229a3",
                "sha256:4771db76bd14352eba006463656aef990a0147a0eeaf094725097acfa90442bf"
            ],
            "index": "pypi",
            "version": "==1.4.0"
        },
        "python-dateutil": {
            "hashes": [
                "sha256:0123cacc1627ae19ddf3c27a5de5bd67ee4586fbdd6440d9748f8abb483d3e86",
                "sha256:961d03dc3453ebbc59dbdea9e4e11c5651520a876d0f4db161e8674aae935da9"
            ],
            "markers": "python_version >= '2.7' and python_version not in '3.0, 3.1, 3.2, 3.3'",
            "version": "==2.8.2"
        },
        "python-levenshtein": {
            "hashes": [
                "sha256:033a11de5e3d19ea25c9302d11224e1a1898fe5abd23c61c7c360c25195e3eb1"
            ],
            "index": "pypi",
            "version": "==0.12.0"
        },
        "pytz": {
            "hashes": [
                "sha256:3672058bc3453457b622aab7a1c3bfd5ab0bdae451512f6cf25f64ed37f5b87c",
                "sha256:acad2d8b20a1af07d4e4c9d2e9285c5ed9104354062f275f3fcd88dcef4f1326"
            ],
            "version": "==2021.3"
        },
        "scikit-learn": {
            "hashes": [
                "sha256:13136c6e4f6b808569f7f59299d439b2cd718f85d72ea14b5b6077d44ebc7d17",
                "sha256:370919e3148253fd6552496c33a1e3d78290a336fc8d1b9349d9e9770fae6ec0",
                "sha256:3775cca4ce3f94508bb7c8a6b113044b78c16b0a30a5c169ddeb6b9fe57a8a72",
                "sha256:42f3c5bd893ed73bf47ccccf04dfb98fae743f397d688bb58c2238c0e6ec15d2",
                "sha256:56cfa19c31edf62e6414da0a337efee37a4af488b135640e67238786b9be6ab3",
                "sha256:5c9ff456d67ef9094e5ea272fff2be05d399a47fc30c6c8ed653b94bdf787bd1",
                "sha256:5ca0ad32ee04abe0d4ba02c8d89d501b4e5e0304bdf4d45c2e9875a735b323a0",
                "sha256:5db9e68a384ce80a17fc449d4d5d9b45025fe17cf468429599bf404eccb51049",
                "sha256:6e0899953611d0c47c0d49c5950082ab016b38811fced91cd2dcc889dd94f50a",
                "sha256:72c194c5092e921d6107a8de8a5adae58c35bbc54e030ba624b6f02fd823bb21",
                "sha256:871669cdb5b3481650fe3adff46eb97c455e30ecdc307eaf382ef90d4e2570ab",
                "sha256:873245b03361710f47c5410a050dc56ee8ae97b9f8dcc6e3a81521ca2b64ad10",
                "sha256:8b17fc29554c5c98d88142f895516a5bec2b6b61daa815e1193a64c868ad53d2",
                "sha256:95b155ef6bf829ddfba6026f100ba8e4218b7171ecab97b2163bc9e8d206848f",
                "sha256:a21cf8217e31a9e8e32c559246e05e6909981816152406945ae2e3e244dfcc1f",
                "sha256:a58746d4f389ea7df1d908dba8b52f709835f91c342f459a3ade5424330c69d1",
                "sha256:b2a10e2f9b73de10d8486f7a23549093436062b69139158802910a0f154aa53b",
                "sha256:ba3fd442ae1a46830789b3578867daaf2c8409dcca6bf192e30e85beeabbfc2f",
                "sha256:ce78bf4d10bd7e28807c36c6d2ab25a9934aaf80906ad987622a5e45627d91a2",
                "sha256:d384e6f9a055b7a43492f9d27779adb717eb5dcf78b0603b01d0f070a608d241",
                "sha256:d4da369614e55540c7e830ccdd17ab4fe5412ff8e803a4906d3ece393e2e3a63",
                "sha256:ddc1eb10138ae93c136cc4b5945d3977f302b5d693592a4731b2805a7d7f2a74",
                "sha256:e54a3dd1fe1f8124de90b93c48d120e6da2ea8df29b6895325df01ddc1bd8e26",
                "sha256:ee8c3b1898c728b6e5b5659c233f547700a1fea13ce876b6fe7d3434c70cc0e0",
                "sha256:f528c4b2bba652cf116f5cccf36f4db95a7f9cbfcd1ee549c4e8d0f8628783b5",
                "sha256:f9abae483f4d52acd6f660addb1b67e35dc5748655250af479de2ea6aefc6df0",
                "sha256:fdc39e89bd3466befb76dfc0c258d4ccad159df974954a87de3be5759172a067"
            ],
            "index": "pypi",
            "version": "==0.19.1"
        },
        "scipy": {
            "hashes": [
                "sha256:103fd8253fd3f0df3f50a554abc01b13bee1d70483f23bb03636a74b0a0cbc71",
                "sha256:11cddcfc348ef593feb4ffe4b69c18a064eca199602f751d34083838bdc2f05a",
                "sha256:164f774de04e546fd10e1894d423b54e36255bb42887e005f0fbfb8eef6736f1",
                "sha256:1766acf2d8ff79ed59cae841d4272587af94772f513619dd217226027bd2ab76",
                "sha256:200ca3dfebbd0bbacbc0d7389e6eda77428b49793cc1e0e3247f835687d1a6be",
                "sha256:232a848a9935c37ffe2cade857296a13680724aef7d4623160dd08f99dbb9d02",
                "sha256:3eb28bdc6f40a964761c1cb339e45fef076ea2ca729886e1bce956932ef7e487",
                "sha256:3fab61f6ffbc1da9e1f8e813ba235929b5f361c1fdd728d120ead8f78560427c",
                "sha256:4a2837b07e77f8e2fc5303f38e224d7fd9f79f8cbf9c60ac72cf98594e1db6b5",
                "sha256:4a9f5a3adbfd08dd047de48a6b436bd4dae364913aa5b6349a41e9eaeb774050",
                "sha256:544e6f7796b9c131f8f965967e806da187553abf5d7766278b96a2a76abd19a7",
                "sha256:76f32095863f7eccecaf5224624d4c7f0f3b922b2cd0d0b0d6f037e4d9c54db6",
                "sha256:800abaa55cfad422f00f5b3802403dd634ab9888f560731c09977a3c35e0acae",
                "sha256:823a4b1a2eabd09f9e72003c14ceaac63f54d1f99a49f8c1b534f6a73135e995",
                "sha256:8739c67842ed9a1c34c62d6cca6301d0ade40d50ef14ba292bd331f0d6c940ba",
                "sha256:89c1d2a80760a373e7f12f490446c60a7221b641435a789439e8ddb01f5ab7d4",
                "sha256:a3287b438b3c13970c4851a34bbc82db11e4680d1d6cdedd066479ca83028042",
                "sha256:be6f0af3f591c100923158f3e3f0f12fa16a0b231616eda407c528e1f9e10014",
                "sha256:cc04cf28b9f77255eeb612af41a6f207142f92a082555871f782c773c83b7789",
                "sha256:cc85b9d10a5da07a6b27449d17584b1a3d953f7286189f170a6045c6c297b0bc",
                "sha256:f26e54dcdeec3daff6ec71854a7b3bba719b78cf07e2d23645ee09d67a5e93df",
                "sha256:f2a51f70ef868c03430ed40d8983daa2f38d2e2160a0de4b57b7d9d070912c76",
                "sha256:f7c0624de958e2e2e6353813c78aa4f5f3f1ed0a3567fb496b6dad99f55e695e"
            ],
            "index": "pypi",
            "version": "==1.0.1"
        },
        "setuptools": {
            "hashes": [
                "sha256:22c7348c6d2976a52632c67f7ab0cdf40147db7789f9aed18734643fe9cf3373",
                "sha256:4ce92f1e1f8f01233ee9952c04f6b81d1e02939d6e1b488428154974a4d0783e"
            ],
            "markers": "python_version >= '3.6'",
            "version": "==59.6.0"
        },
        "six": {
            "hashes": [
                "sha256:1e61c37477a1626458e36f7b1d82aa5c9b094fa4802892072e49de9c60c4c926",
                "sha256:8abb2f1d86890a2dfb989f9a77cfcfd3e47c2a354b01111771326f8aa26e0254"
            ],
            "markers": "python_version >= '2.7' and python_version not in '3.0, 3.1, 3.2, 3.3'",
            "version": "==1.16.0"
        },
        "smart-open": {
            "hashes": [
                "sha256:71d14489da58b60ce12fc3ecb823facc59a8b23cd1b58edb97175640350d3a62",
                "sha256:75abf758717a92a8f53aa96953f0c245c8cedf8e1e4184903db3659b419d4c17"
            ],
            "markers": "python_version >= '3.6' and python_version < '4.0'",
            "version": "==5.2.1"
        },
        "sumpy": {
            "git": "https://github.com/newsbias/sumpy.git",
            "ref": "e03a5a4827b4a9888f4f33bedceae87d9acc1bed"
        },
        "typing-extensions": {
            "hashes": [
                "sha256:4ca091dea149f945ec56afb48dae714f21e8692ef22a395223bcd328961b6a0e",
                "sha256:7f001e5ac290a0c0401508864c7ec868be4e701886d5b573a9528ed3973d9d3b"
            ],
            "markers": "python_version < '3.8'",
            "version": "==4.0.1"
        },
        "yarl": {
            "hashes": [
                "sha256:044daf3012e43d4b3538562da94a88fb12a6490652dbc29fb19adfa02cf72eac",
                "sha256:0cba38120db72123db7c58322fa69e3c0efa933040ffb586c3a87c063ec7cae8",
                "sha256:167ab7f64e409e9bdd99333fe8c67b5574a1f0495dcfd905bc7454e766729b9e",
                "sha256:1be4bbb3d27a4e9aa5f3df2ab61e3701ce8fcbd3e9846dbce7c033a7e8136746",
                "sha256:1ca56f002eaf7998b5fcf73b2421790da9d2586331805f38acd9997743114e98",
                "sha256:1d3d5ad8ea96bd6d643d80c7b8d5977b4e2fb1bab6c9da7322616fd26203d125",
                "sha256:1eb6480ef366d75b54c68164094a6a560c247370a68c02dddb11f20c4c6d3c9d",
                "sha256:1edc172dcca3f11b38a9d5c7505c83c1913c0addc99cd28e993efeaafdfaa18d",
                "sha256:211fcd65c58bf250fb994b53bc45a442ddc9f441f6fec53e65de8cba48ded986",
                "sha256:29e0656d5497733dcddc21797da5a2ab990c0cb9719f1f969e58a4abac66234d",
                "sha256:368bcf400247318382cc150aaa632582d0780b28ee6053cd80268c7e72796dec",
                "sha256:39d5493c5ecd75c8093fa7700a2fb5c94fe28c839c8e40144b7ab7ccba6938c8",
                "sha256:3abddf0b8e41445426d29f955b24aeecc83fa1072be1be4e0d194134a7d9baee",
                "sha256:3bf8cfe8856708ede6a73907bf0501f2dc4e104085e070a41f5d88e7faf237f3",
                "sha256:3ec1d9a0d7780416e657f1e405ba35ec1ba453a4f1511eb8b9fbab81cb8b3ce1",
                "sha256:45399b46d60c253327a460e99856752009fcee5f5d3c80b2f7c0cae1c38d56dd",
                "sha256:52690eb521d690ab041c3919666bea13ab9fbff80d615ec16fa81a297131276b",
                "sha256:534b047277a9a19d858cde163aba93f3e1677d5acd92f7d10ace419d478540de",
                "sha256:580c1f15500e137a8c37053e4cbf6058944d4c114701fa59944607505c2fe3a0",
                "sha256:59218fef177296451b23214c91ea3aba7858b4ae3306dde120224cfe0f7a6ee8",
                "sha256:5ba63585a89c9885f18331a55d25fe81dc2d82b71311ff8bd378fc8004202ff6",
                "sha256:5bb7d54b8f61ba6eee541fba4b83d22b8a046b4ef4d8eb7f15a7e35db2e1e245",
                "sha256:6152224d0a1eb254f97df3997d79dadd8bb2c1a02ef283dbb34b97d4f8492d23",
                "sha256:67e94028817defe5e705079b10a8438b8cb56e7115fa01640e9c0bb3edf67332",
                "sha256:695ba021a9e04418507fa930d5f0704edbce47076bdcfeeaba1c83683e5649d1",
                "sha256:6a1a9fe17621af43e9b9fcea8bd088ba682c8192d744b386ee3c47b56eaabb2c",
                "sha256:6ab0c3274d0a846840bf6c27d2c60ba771a12e4d7586bf550eefc2df0b56b3b4",
                "sha256:6feca8b6bfb9eef6ee057628e71e1734caf520a907b6ec0d62839e8293e945c0",
                "sha256:737e401cd0c493f7e3dd4db72aca11cfe069531c9761b8ea474926936b3c57c8",
                "sha256:788713c2896f426a4e166b11f4ec538b5736294ebf7d5f654ae445fd44270832",
                "sha256:797c2c412b04403d2da075fb93c123df35239cd7b4cc4e0cd9e5839b73f52c58",
                "sha256:8300401dc88cad23f5b4e4c1226f44a5aa696436a4026e456fe0e5d2f7f486e6",
                "sha256:87f6e082bce21464857ba58b569370e7b547d239ca22248be68ea5d6b51464a1",
                "sha256:89ccbf58e6a0ab89d487c92a490cb5660d06c3a47ca08872859672f9c511fc52",
                "sha256:8b0915ee85150963a9504c10de4e4729ae700af11df0dc5550e6587ed7891e92",
                "sha256:8cce6f9fa3df25f55521fbb5c7e4a736683148bcc0c75b21863789e5185f9185",
                "sha256:95a1873b6c0dd1c437fb3bb4a4aaa699a48c218ac7ca1e74b0bee0ab16c7d60d",
                "sha256:9b4c77d92d56a4c5027572752aa35082e40c561eec776048330d2907aead891d",
                "sha256:9bfcd43c65fbb339dc7086b5315750efa42a34eefad0256ba114cd8ad3896f4b",
                "sha256:9c1f083e7e71b2dd01f7cd7434a5f88c15213194df38bc29b388ccdf1492b739",
                "sha256:a1d0894f238763717bdcfea74558c94e3bc34aeacd3351d769460c1a586a8b05",
                "sha256:a467a431a0817a292121c13cbe637348b546e6ef47ca14a790aa2fa8cc93df63",
                "sha256:aa32aaa97d8b2ed4e54dc65d241a0da1c627454950f7d7b1f95b13985afd6c5d",
                "sha256:ac10bbac36cd89eac19f4e51c032ba6b412b3892b685076f4acd2de18ca990aa",
                "sha256:ac35ccde589ab6a1870a484ed136d49a26bcd06b6a1c6397b1967ca13ceb3913",
                "sha256:bab827163113177aee910adb1f48ff7af31ee0289f434f7e22d10baf624a6dfe",
                "sha256:baf81561f2972fb895e7844882898bda1eef4b07b5b385bcd308d2098f1a767b",
                "sha256:bf19725fec28452474d9887a128e98dd67eee7b7d52e932e6949c532d820dc3b",
                "sha256:c01a89a44bb672c38f42b49cdb0ad667b116d731b3f4c896f72302ff77d71656",
                "sha256:c0910c6b6c31359d2f6184828888c983d54d09d581a4a23547a35f1d0b9484b1",
                "sha256:c10ea1e80a697cf7d80d1ed414b5cb8f1eec07d618f54637067ae3c0334133c4",
                "sha256:c1164a2eac148d85bbdd23e07dfcc930f2e633220f3eb3c3e2a25f6148c2819e",
                "sha256:c145ab54702334c42237a6c6c4cc08703b6aa9b94e2f227ceb3d477d20c36c63",
                "sha256:c17965ff3706beedafd458c452bf15bac693ecd146a60a06a214614dc097a271",
                "sha256:c19324a1c5399b602f3b6e7db9478e5b1adf5cf58901996fc973fe4fccd73eed",
                "sha256:c2a1ac41a6aa980db03d098a5531f13985edcb451bcd9d00670b03129922cd0d",
                "sha256:c6ddcd80d79c96eb19c354d9dca95291589c5954099836b7c8d29278a7ec0bda",
                "sha256:c9c6d927e098c2d360695f2e9d38870b2e92e0919be07dbe339aefa32a090265",
                "sha256:cc8b7a7254c0fc3187d43d6cb54b5032d2365efd1df0cd1749c0c4df5f0ad45f",
                "sha256:cff3ba513db55cc6a35076f32c4cdc27032bd075c9faef31fec749e64b45d26c",
                "sha256:d260d4dc495c05d6600264a197d9d6f7fc9347f21d2594926202fd08cf89a8ba",
                "sha256:d6f3d62e16c10e88d2168ba2d065aa374e3c538998ed04996cd373ff2036d64c",
                "sha256:da6df107b9ccfe52d3a48165e48d72db0eca3e3029b5b8cb4fe6ee3cb870ba8b",
                "sha256:dfe4b95b7e00c6635a72e2d00b478e8a28bfb122dc76349a06e20792eb53a523",
                "sha256:e39378894ee6ae9f555ae2de332d513a5763276a9265f8e7cbaeb1b1ee74623a",
                "sha256:ede3b46cdb719c794427dcce9d8beb4abe8b9aa1e97526cc20de9bd6583ad1ef",
                "sha256:f2a8508f7350512434e41065684076f640ecce176d262a7d54f0da41d99c5a95",
                "sha256:f44477ae29025d8ea87ec308539f95963ffdc31a82f42ca9deecf2d505242e72",
                "sha256:f64394bd7ceef1237cc604b5a89bf748c95982a84bcd3c4bbeb40f685c810794",
                "sha256:fc4dd8b01a8112809e6b636b00f487846956402834a7fd59d46d4f4267181c41",
                "sha256:fce78593346c014d0d986b7ebc80d782b7f5e19843ca798ed62f8e3ba8728576",
                "sha256:fd547ec596d90c8676e369dd8a581a21227fe9b4ad37d0dc7feb4ccf544c2d59"
            ],
            "markers": "python_version >= '3.6'",
            "version": "==1.7.2"
        }
    },
    "develop": {
        "autopep8": {
            "hashes": [
                "sha256:c7be71ab0cb2f50c9c22c82f0c9acaafc6f57492c3fbfee9790c415005c2b9a5"
            ],
            "index": "pypi",
            "version": "==1.3.4"
        },
        "pycodestyle": {
            "hashes": [
                "sha256:720f8b39dde8b293825e7ff02c475f3077124006db4f440dcbc9a20b76548a20",
                "sha256:eddd5847ef438ea1c7870ca7eb78a9d47ce0cdb4851a5523949f2601d0cbbe7f"
            ],
            "markers": "python_version >= '2.7' and python_version not in '3.0, 3.1, 3.2, 3.3, 3.4'",
            "version": "==2.8.0"
        }
    }
}
